// !$*UTF8*$!
{
	archiveVersion = 1;
	classes = {
	};
	objectVersion = 46;
	objects = {

/* Begin PBXBuildFile section */
		0A4C240F16281ADC007DA868 /* UIKit.framework in Frameworks */ = {isa = PBXBuildFile; fileRef = 0A4C240E16281ADC007DA868 /* UIKit.framework */; };
		0A4C241116281ADC007DA868 /* Foundation.framework in Frameworks */ = {isa = PBXBuildFile; fileRef = 0A4C241016281ADC007DA868 /* Foundation.framework */; };
		0A4C241316281ADC007DA868 /* CoreGraphics.framework in Frameworks */ = {isa = PBXBuildFile; fileRef = 0A4C241216281ADC007DA868 /* CoreGraphics.framework */; };
		0A4C241916281ADC007DA868 /* InfoPlist.strings in Resources */ = {isa = PBXBuildFile; fileRef = 0A4C241716281ADC007DA868 /* InfoPlist.strings */; };
		0A4C241B16281ADC007DA868 /* main.m in Sources */ = {isa = PBXBuildFile; fileRef = 0A4C241A16281ADC007DA868 /* main.m */; };
		0A4C241F16281ADC007DA868 /* LAppDelegate.m in Sources */ = {isa = PBXBuildFile; fileRef = 0A4C241E16281ADC007DA868 /* LAppDelegate.m */; };
		0A4C242116281ADC007DA868 /* Default.png in Resources */ = {isa = PBXBuildFile; fileRef = 0A4C242016281ADC007DA868 /* Default.png */; };
		0A4C242316281ADC007DA868 /* Default@2x.png in Resources */ = {isa = PBXBuildFile; fileRef = 0A4C242216281ADC007DA868 /* Default@2x.png */; };
		0A4C242516281ADC007DA868 /* Default-568h@2x.png in Resources */ = {isa = PBXBuildFile; fileRef = 0A4C242416281ADC007DA868 /* Default-568h@2x.png */; };
		0A4C242816281ADC007DA868 /* LViewController.m in Sources */ = {isa = PBXBuildFile; fileRef = 0A4C242716281ADC007DA868 /* LViewController.m */; };
		0A5FF405162C055E001A7E00 /* LGrid.m in Sources */ = {isa = PBXBuildFile; fileRef = 0A5FF404162C055E001A7E00 /* LGrid.m */; };
		0A5FF407162C0765001A7E00 /* QuartzCore.framework in Frameworks */ = {isa = PBXBuildFile; fileRef = 0A5FF406162C0765001A7E00 /* QuartzCore.framework */; };
		0A5FF40A162C11FC001A7E00 /* LSimulation.m in Sources */ = {isa = PBXBuildFile; fileRef = 0A5FF409162C11FC001A7E00 /* LSimulation.m */; };
		0A7DFEB9162C68E10038F3BD /* bacteria-icon.png in Resources */ = {isa = PBXBuildFile; fileRef = 0A7DFEB8162C68E10038F3BD /* bacteria-icon.png */; };
		0A7DFEBC162C69100038F3BD /* bacteria-icon2.png in Resources */ = {isa = PBXBuildFile; fileRef = 0A7DFEBB162C69100038F3BD /* bacteria-icon2.png */; };
/* End PBXBuildFile section */

/* Begin PBXFileReference section */
		0A4C240A16281ADC007DA868 /* life.app */ = {isa = PBXFileReference; explicitFileType = wrapper.application; includeInIndex = 0; path = life.app; sourceTree = BUILT_PRODUCTS_DIR; };
		0A4C240E16281ADC007DA868 /* UIKit.framework */ = {isa = PBXFileReference; lastKnownFileType = wrapper.framework; name = UIKit.framework; path = System/Library/Frameworks/UIKit.framework; sourceTree = SDKROOT; };
		0A4C241016281ADC007DA868 /* Foundation.framework */ = {isa = PBXFileReference; lastKnownFileType = wrapper.framework; name = Foundation.framework; path = System/Library/Frameworks/Foundation.framework; sourceTree = SDKROOT; };
		0A4C241216281ADC007DA868 /* CoreGraphics.framework */ = {isa = PBXFileReference; lastKnownFileType = wrapper.framework; name = CoreGraphics.framework; path = System/Library/Frameworks/CoreGraphics.framework; sourceTree = SDKROOT; };
		0A4C241616281ADC007DA868 /* life-Info.plist */ = {isa = PBXFileReference; lastKnownFileType = text.plist.xml; path = "life-Info.plist"; sourceTree = "<group>"; };
		0A4C241816281ADC007DA868 /* en */ = {isa = PBXFileReference; lastKnownFileType = text.plist.strings; name = en; path = en.lproj/InfoPlist.strings; sourceTree = "<group>"; };
		0A4C241A16281ADC007DA868 /* main.m */ = {isa = PBXFileReference; lastKnownFileType = sourcecode.c.objc; path = main.m; sourceTree = "<group>"; };
		0A4C241C16281ADC007DA868 /* life-Prefix.pch */ = {isa = PBXFileReference; lastKnownFileType = sourcecode.c.h; path = "life-Prefix.pch"; sourceTree = "<group>"; };
		0A4C241D16281ADC007DA868 /* LAppDelegate.h */ = {isa = PBXFileReference; lastKnownFileType = sourcecode.c.h; path = LAppDelegate.h; sourceTree = "<group>"; };
		0A4C241E16281ADC007DA868 /* LAppDelegate.m */ = {isa = PBXFileReference; lastKnownFileType = sourcecode.c.objc; path = LAppDelegate.m; sourceTree = "<group>"; };
		0A4C242016281ADC007DA868 /* Default.png */ = {isa = PBXFileReference; lastKnownFileType = image.png; name = Default.png; path = life/Default.png; sourceTree = "<group>"; };
		0A4C242216281ADC007DA868 /* Default@2x.png */ = {isa = PBXFileReference; lastKnownFileType = image.png; name = "Default@2x.png"; path = "life/Default@2x.png"; sourceTree = "<group>"; };
		0A4C242416281ADC007DA868 /* Default-568h@2x.png */ = {isa = PBXFileReference; lastKnownFileType = image.png; name = "Default-568h@2x.png"; path = "life/Default-568h@2x.png"; sourceTree = "<group>"; };
		0A4C242616281ADC007DA868 /* LViewController.h */ = {isa = PBXFileReference; lastKnownFileType = sourcecode.c.h; path = LViewController.h; sourceTree = "<group>"; };
		0A4C242716281ADC007DA868 /* LViewController.m */ = {isa = PBXFileReference; lastKnownFileType = sourcecode.c.objc; path = LViewController.m; sourceTree = "<group>"; };
		0A5FF403162C055E001A7E00 /* LGrid.h */ = {isa = PBXFileReference; fileEncoding = 4; lastKnownFileType = sourcecode.c.h; path = LGrid.h; sourceTree = "<group>"; };
		0A5FF404162C055E001A7E00 /* LGrid.m */ = {isa = PBXFileReference; fileEncoding = 4; lastKnownFileType = sourcecode.c.objc; path = LGrid.m; sourceTree = "<group>"; };
		0A5FF406162C0765001A7E00 /* QuartzCore.framework */ = {isa = PBXFileReference; lastKnownFileType = wrapper.framework; name = QuartzCore.framework; path = System/Library/Frameworks/QuartzCore.framework; sourceTree = SDKROOT; };
		0A5FF408162C11FC001A7E00 /* LSimulation.h */ = {isa = PBXFileReference; fileEncoding = 4; lastKnownFileType = sourcecode.c.h; path = LSimulation.h; sourceTree = "<group>"; };
		0A5FF409162C11FC001A7E00 /* LSimulation.m */ = {isa = PBXFileReference; fileEncoding = 4; lastKnownFileType = sourcecode.c.objc; path = LSimulation.m; sourceTree = "<group>"; };
		0A7DFEB8162C68E10038F3BD /* bacteria-icon.png */ = {isa = PBXFileReference; lastKnownFileType = image.png; path = "bacteria-icon.png"; sourceTree = "<group>"; };
		0A7DFEBB162C69100038F3BD /* bacteria-icon2.png */ = {isa = PBXFileReference; lastKnownFileType = image.png; path = "bacteria-icon2.png"; sourceTree = "<group>"; };
/* End PBXFileReference section */

/* Begin PBXFrameworksBuildPhase section */
		0A4C240716281ADC007DA868 /* Frameworks */ = {
			isa = PBXFrameworksBuildPhase;
			buildActionMask = 2147483647;
			files = (
				0A5FF407162C0765001A7E00 /* QuartzCore.framework in Frameworks */,
				0A4C240F16281ADC007DA868 /* UIKit.framework in Frameworks */,
				0A4C241116281ADC007DA868 /* Foundation.framework in Frameworks */,
				0A4C241316281ADC007DA868 /* CoreGraphics.framework in Frameworks */,
			);
			runOnlyForDeploymentPostprocessing = 0;
		};
/* End PBXFrameworksBuildPhase section */

/* Begin PBXGroup section */
		0A4C23FF16281ADC007DA868 = {
			isa = PBXGroup;
			children = (
				0A4C241416281ADC007DA868 /* life */,
				0A4C240D16281ADC007DA868 /* Frameworks */,
				0A4C240B16281ADC007DA868 /* Products */,
			);
			sourceTree = "<group>";
		};
		0A4C240B16281ADC007DA868 /* Products */ = {
			isa = PBXGroup;
			children = (
				0A4C240A16281ADC007DA868 /* life.app */,
			);
			name = Products;
			sourceTree = "<group>";
		};
		0A4C240D16281ADC007DA868 /* Frameworks */ = {
			isa = PBXGroup;
			children = (
				0A5FF406162C0765001A7E00 /* QuartzCore.framework */,
				0A4C240E16281ADC007DA868 /* UIKit.framework */,
				0A4C241016281ADC007DA868 /* Foundation.framework */,
				0A4C241216281ADC007DA868 /* CoreGraphics.framework */,
			);
			name = Frameworks;
			sourceTree = "<group>";
		};
		0A4C241416281ADC007DA868 /* life */ = {
			isa = PBXGroup;
			children = (
				0AB201DB1699C3D400AD1C43 /* Resources */,
				0A4C241516281ADC007DA868 /* Supporting Files */,
				0A4C241D16281ADC007DA868 /* LAppDelegate.h */,
				0A4C241E16281ADC007DA868 /* LAppDelegate.m */,
				0A4C242616281ADC007DA868 /* LViewController.h */,
				0A4C242716281ADC007DA868 /* LViewController.m */,
				0A5FF403162C055E001A7E00 /* LGrid.h */,
				0A5FF404162C055E001A7E00 /* LGrid.m */,
				0A5FF408162C11FC001A7E00 /* LSimulation.h */,
				0A5FF409162C11FC001A7E00 /* LSimulation.m */,
			);
			path = life;
			sourceTree = "<group>";
		};
		0A4C241516281ADC007DA868 /* Supporting Files */ = {
			isa = PBXGroup;
			children = (
				0A4C241616281ADC007DA868 /* life-Info.plist */,
				0A4C241716281ADC007DA868 /* InfoPlist.strings */,
				0A4C241A16281ADC007DA868 /* main.m */,
				0A4C241C16281ADC007DA868 /* life-Prefix.pch */,
			);
			name = "Supporting Files";
			sourceTree = "<group>";
		};
		0AB201DB1699C3D400AD1C43 /* Resources */ = {
			isa = PBXGroup;
			children = (
				0A4C242016281ADC007DA868 /* Default.png */,
				0A4C242216281ADC007DA868 /* Default@2x.png */,
				0A4C242416281ADC007DA868 /* Default-568h@2x.png */,
				0A7DFEBB162C69100038F3BD /* bacteria-icon2.png */,
				0A7DFEB8162C68E10038F3BD /* bacteria-icon.png */,
			);
			name = Resources;
			path = ..;
			sourceTree = "<group>";
		};
/* End PBXGroup section */

/* Begin PBXNativeTarget section */
		0A4C240916281ADC007DA868 /* life */ = {
			isa = PBXNativeTarget;
			buildConfigurationList = 0A4C243116281ADC007DA868 /* Build configuration list for PBXNativeTarget "life" */;
			buildPhases = (
				0A4C240616281ADC007DA868 /* Sources */,
				0A4C240716281ADC007DA868 /* Frameworks */,
				0A4C240816281ADC007DA868 /* Resources */,
			);
			buildRules = (
			);
			dependencies = (
			);
			name = life;
			productName = life;
			productReference = 0A4C240A16281ADC007DA868 /* life.app */;
			productType = "com.apple.product-type.application";
		};
/* End PBXNativeTarget section */

/* Begin PBXProject section */
		0A4C240116281ADC007DA868 /* Project object */ = {
			isa = PBXProject;
			attributes = {
				CLASSPREFIX = L;
				LastUpgradeCheck = 0450;
				ORGANIZATIONNAME = "Kemal Enver";
			};
			buildConfigurationList = 0A4C240416281ADC007DA868 /* Build configuration list for PBXProject "life" */;
			compatibilityVersion = "Xcode 3.2";
			developmentRegion = English;
			hasScannedForEncodings = 0;
			knownRegions = (
				en,
			);
			mainGroup = 0A4C23FF16281ADC007DA868;
			productRefGroup = 0A4C240B16281ADC007DA868 /* Products */;
			projectDirPath = "";
			projectRoot = "";
			targets = (
				0A4C240916281ADC007DA868 /* life */,
			);
		};
/* End PBXProject section */

/* Begin PBXResourcesBuildPhase section */
		0A4C240816281ADC007DA868 /* Resources */ = {
			isa = PBXResourcesBuildPhase;
			buildActionMask = 2147483647;
			files = (
				0A4C241916281ADC007DA868 /* InfoPlist.strings in Resources */,
				0A4C242116281ADC007DA868 /* Default.png in Resources */,
				0A4C242316281ADC007DA868 /* Default@2x.png in Resources */,
				0A4C242516281ADC007DA868 /* Default-568h@2x.png in Resources */,
				0A7DFEB9162C68E10038F3BD /* bacteria-icon.png in Resources */,
				0A7DFEBC162C69100038F3BD /* bacteria-icon2.png in Resources */,
			);
			runOnlyForDeploymentPostprocessing = 0;
		};
/* End PBXResourcesBuildPhase section */

/* Begin PBXSourcesBuildPhase section */
		0A4C240616281ADC007DA868 /* Sources */ = {
			isa = PBXSourcesBuildPhase;
			buildActionMask = 2147483647;
			files = (
				0A4C241B16281ADC007DA868 /* main.m in Sources */,
				0A4C241F16281ADC007DA868 /* LAppDelegate.m in Sources */,
				0A4C242816281ADC007DA868 /* LViewController.m in Sources */,
				0A5FF405162C055E001A7E00 /* LGrid.m in Sources */,
				0A5FF40A162C11FC001A7E00 /* LSimulation.m in Sources */,
			);
			runOnlyForDeploymentPostprocessing = 0;
		};
/* End PBXSourcesBuildPhase section */

/* Begin PBXVariantGroup section */
		0A4C241716281ADC007DA868 /* InfoPlist.strings */ = {
			isa = PBXVariantGroup;
			children = (
				0A4C241816281ADC007DA868 /* en */,
			);
			name = InfoPlist.strings;
			sourceTree = "<group>";
		};
/* End PBXVariantGroup section */

/* Begin XCBuildConfiguration section */
		0A4C242F16281ADC007DA868 /* Debug */ = {
			isa = XCBuildConfiguration;
			buildSettings = {
				ALWAYS_SEARCH_USER_PATHS = NO;
				CLANG_CXX_LANGUAGE_STANDARD = "gnu++0x";
				CLANG_CXX_LIBRARY = "libc++";
				CLANG_ENABLE_OBJC_ARC = YES;
				CLANG_WARN_EMPTY_BODY = YES;
				CLANG_WARN__DUPLICATE_METHOD_MATCH = YES;
				"CODE_SIGN_IDENTITY[sdk=iphoneos*]" = "iPhone Developer";
				COPY_PHASE_STRIP = NO;
				GCC_C_LANGUAGE_STANDARD = gnu99;
				GCC_DYNAMIC_NO_PIC = NO;
				GCC_OPTIMIZATION_LEVEL = 0;
				GCC_PREPROCESSOR_DEFINITIONS = (
					"DEBUG=1",
					"$(inherited)",
				);
				GCC_SYMBOLS_PRIVATE_EXTERN = NO;
				GCC_WARN_ABOUT_RETURN_TYPE = YES;
				GCC_WARN_UNINITIALIZED_AUTOS = YES;
				GCC_WARN_UNUSED_VARIABLE = YES;
				IPHONEOS_DEPLOYMENT_TARGET = 6.0;
				SDKROOT = iphoneos;
				TARGETED_DEVICE_FAMILY = "1,2";
			};
			name = Debug;
		};
		0A4C243016281ADC007DA868 /* Release */ = {
			isa = XCBuildConfiguration;
			buildSettings = {
				ALWAYS_SEARCH_USER_PATHS = NO;
				CLANG_CXX_LANGUAGE_STANDARD = "gnu++0x";
				CLANG_CXX_LIBRARY = "libc++";
				CLANG_ENABLE_OBJC_ARC = YES;
				CLANG_WARN_EMPTY_BODY = YES;
				CLANG_WARN__DUPLICATE_METHOD_MATCH = YES;
				"CODE_SIGN_IDENTITY[sdk=iphoneos*]" = "iPhone Developer";
				COPY_PHASE_STRIP = YES;
				GCC_C_LANGUAGE_STANDARD = gnu99;
				GCC_WARN_ABOUT_RETURN_TYPE = YES;
				GCC_WARN_UNINITIALIZED_AUTOS = YES;
				GCC_WARN_UNUSED_VARIABLE = YES;
				IPHONEOS_DEPLOYMENT_TARGET = 6.0;
				OTHER_CFLAGS = "-DNS_BLOCK_ASSERTIONS=1";
				SDKROOT = iphoneos;
				TARGETED_DEVICE_FAMILY = "1,2";
				VALIDATE_PRODUCT = YES;
			};
			name = Release;
		};
		0A4C243216281ADC007DA868 /* Debug */ = {
			isa = XCBuildConfiguration;
			buildSettings = {
				GCC_PRECOMPILE_PREFIX_HEADER = YES;
				GCC_PREFIX_HEADER = "life/life-Prefix.pch";
				INFOPLIST_FILE = "life/life-Info.plist";
				PRODUCT_NAME = "$(TARGET_NAME)";
				WRAPPER_EXTENSION = app;
			};
			name = Debug;
		};
		0A4C243316281ADC007DA868 /* Release */ = {
			isa = XCBuildConfiguration;
			buildSettings = {
				GCC_PRECOMPILE_PREFIX_HEADER = YES;
				GCC_PREFIX_HEADER = "life/life-Prefix.pch";
				INFOPLIST_FILE = "life/life-Info.plist";
				PRODUCT_NAME = "$(TARGET_NAME)";
				WRAPPER_EXTENSION = app;
			};
			name = Release;
		};
/* End XCBuildConfiguration section */

/* Begin XCConfigurationList section */
		0A4C240416281ADC007DA868 /* Build configuration list for PBXProject "life" */ = {
			isa = XCConfigurationList;
			buildConfigurations = (
				0A4C242F16281ADC007DA868 /* Debug */,
				0A4C243016281ADC007DA868 /* Release */,
			);
			defaultConfigurationIsVisible = 0;
			defaultConfigurationName = Release;
		};
		0A4C243116281ADC007DA868 /* Build configuration list for PBXNativeTarget "life" */ = {
			isa = XCConfigurationList;
			buildConfigurations = (
				0A4C243216281ADC007DA868 /* Debug */,
				0A4C243316281ADC007DA868 /* Release */,
			);
			defaultConfigurationIsVisible = 0;
			defaultConfigurationName = Release;
		};
/* End XCConfigurationList section */
	};
	rootObject = 0A4C240116281ADC007DA868 /* Project object */;
}
